// !$*UTF8*$!
{
	archiveVersion = 1;
	classes = {
	};
	objectVersion = 56;
	objects = {

/* Begin PBXBuildFile section */
		D50450BB2C0712AC00CD1F46 /* photoPickerItems + Extension.swift in Sources */ = {isa = PBXBuildFile; fileRef = D50450BA2C0712AB00CD1F46 /* photoPickerItems + Extension.swift */; };
		D50450BD2C07162100CD1F46 /* MediaPickerItem_Types.swift in Sources */ = {isa = PBXBuildFile; fileRef = D50450BC2C07162100CD1F46 /* MediaPickerItem_Types.swift */; };
		D52A8AB92BF8A81000D63B64 /* SelectedChatPartnerView.swift in Sources */ = {isa = PBXBuildFile; fileRef = D52A8AB82BF8A81000D63B64 /* SelectedChatPartnerView.swift */; };
		D52A8ABB2BF8B14E00D63B64 /* NewGroupSetUpScreen.swift in Sources */ = {isa = PBXBuildFile; fileRef = D52A8ABA2BF8B14E00D63B64 /* NewGroupSetUpScreen.swift */; };
		D52A8ABE2BF8E1B400D63B64 /* UserServices.swift in Sources */ = {isa = PBXBuildFile; fileRef = D52A8ABD2BF8E1B300D63B64 /* UserServices.swift */; };
		D52A8AC12BF8FE7200D63B64 /* ChannelItem.swift in Sources */ = {isa = PBXBuildFile; fileRef = D52A8AC02BF8FE7200D63B64 /* ChannelItem.swift */; };
		D52A8AC32BF9038E00D63B64 /* ChannelTabViewModel.swift in Sources */ = {isa = PBXBuildFile; fileRef = D52A8AC22BF9038E00D63B64 /* ChannelTabViewModel.swift */; };
		D52A8AC52BF90FD000D63B64 /* String + Extensions.swift in Sources */ = {isa = PBXBuildFile; fileRef = D52A8AC42BF90FD000D63B64 /* String + Extensions.swift */; };
		D52A8AC72BF92A8B00D63B64 /* MessageItem + Type.swift in Sources */ = {isa = PBXBuildFile; fileRef = D52A8AC62BF92A8B00D63B64 /* MessageItem + Type.swift */; };
		D52E16772BF73D6D002466D8 /* FirebaseAuth in Frameworks */ = {isa = PBXBuildFile; productRef = D52E16762BF73D6D002466D8 /* FirebaseAuth */; };
		D52E16792BF73D6D002466D8 /* FirebaseDatabase in Frameworks */ = {isa = PBXBuildFile; productRef = D52E16782BF73D6D002466D8 /* FirebaseDatabase */; };
		D52E167B2BF73D6D002466D8 /* FirebaseDatabaseSwift in Frameworks */ = {isa = PBXBuildFile; productRef = D52E167A2BF73D6D002466D8 /* FirebaseDatabaseSwift */; };
		D52E167D2BF73D6D002466D8 /* FirebaseMessaging in Frameworks */ = {isa = PBXBuildFile; productRef = D52E167C2BF73D6D002466D8 /* FirebaseMessaging */; };
		D52E167F2BF73D6D002466D8 /* FirebaseStorage in Frameworks */ = {isa = PBXBuildFile; productRef = D52E167E2BF73D6D002466D8 /* FirebaseStorage */; };
		D52E16812BF73E3D002466D8 /* GoogleService-Info.plist in Resources */ = {isa = PBXBuildFile; fileRef = D52E16802BF73E3D002466D8 /* GoogleService-Info.plist */; };
		D52E16852BF7498E002466D8 /* LoginScreen.swift in Sources */ = {isa = PBXBuildFile; fileRef = D52E16842BF7498E002466D8 /* LoginScreen.swift */; };
		D52E16872BF74A5C002466D8 /* AuthHeaderView.swift in Sources */ = {isa = PBXBuildFile; fileRef = D52E16862BF74A5C002466D8 /* AuthHeaderView.swift */; };
		D52E16892BF74B3A002466D8 /* AuthTextFeild.swift in Sources */ = {isa = PBXBuildFile; fileRef = D52E16882BF74B3A002466D8 /* AuthTextFeild.swift */; };
		D52E168B2BF754CB002466D8 /* AuthButton.swift in Sources */ = {isa = PBXBuildFile; fileRef = D52E168A2BF754CB002466D8 /* AuthButton.swift */; };
		D52E168E2BF76011002466D8 /* SignupScreen.swift in Sources */ = {isa = PBXBuildFile; fileRef = D52E168D2BF76011002466D8 /* SignupScreen.swift */; };
		D52E16912BF764CA002466D8 /* AuthViewModel.swift in Sources */ = {isa = PBXBuildFile; fileRef = D52E16902BF764CA002466D8 /* AuthViewModel.swift */; };
		D52E16942BF76EDD002466D8 /* AuthProvider.swift in Sources */ = {isa = PBXBuildFile; fileRef = D52E16932BF76EDD002466D8 /* AuthProvider.swift */; };
		D52E16992BF79631002466D8 /* RootScreen.swift in Sources */ = {isa = PBXBuildFile; fileRef = D52E16982BF79631002466D8 /* RootScreen.swift */; };
		D52E169B2BF79643002466D8 /* RootScreenViewModel.swift in Sources */ = {isa = PBXBuildFile; fileRef = D52E169A2BF79643002466D8 /* RootScreenViewModel.swift */; };
		D52E169E2BF7A1B7002466D8 /* UserItem.swift in Sources */ = {isa = PBXBuildFile; fileRef = D52E169D2BF7A1B7002466D8 /* UserItem.swift */; };
		D52E16A12BF7A395002466D8 /* FirebaseConstants.swift in Sources */ = {isa = PBXBuildFile; fileRef = D52E16A02BF7A395002466D8 /* FirebaseConstants.swift */; };
		D52E16A32BF7BB81002466D8 /* ChatPartnerPickerScreen.swift in Sources */ = {isa = PBXBuildFile; fileRef = D52E16A22BF7BB81002466D8 /* ChatPartnerPickerScreen.swift */; };
		D52E16A52BF7C4DE002466D8 /* ChatPartnerRowView.swift in Sources */ = {isa = PBXBuildFile; fileRef = D52E16A42BF7C4DE002466D8 /* ChatPartnerRowView.swift */; };
		D52E16A82BF7E60C002466D8 /* ChatPartnerPickerViewModel.swift in Sources */ = {isa = PBXBuildFile; fileRef = D52E16A72BF7E60C002466D8 /* ChatPartnerPickerViewModel.swift */; };
		D52E16AA2BF7F82D002466D8 /* GroupPartnerPickerScreen.swift in Sources */ = {isa = PBXBuildFile; fileRef = D52E16A92BF7F82C002466D8 /* GroupPartnerPickerScreen.swift */; };
		D55F208F2C05003A00EB07F9 /* MediaAtachmentPreview.swift in Sources */ = {isa = PBXBuildFile; fileRef = D55F208E2C05003A00EB07F9 /* MediaAtachmentPreview.swift */; };
		D56356082BF4C70F00F0FDE1 /* WhatsAppSwiftUIApp.swift in Sources */ = {isa = PBXBuildFile; fileRef = D56356072BF4C70F00F0FDE1 /* WhatsAppSwiftUIApp.swift */; };
		D563560A2BF4C70F00F0FDE1 /* MainTabView.swift in Sources */ = {isa = PBXBuildFile; fileRef = D56356092BF4C70F00F0FDE1 /* MainTabView.swift */; };
		D563560C2BF4C72600F0FDE1 /* Assets.xcassets in Resources */ = {isa = PBXBuildFile; fileRef = D563560B2BF4C72600F0FDE1 /* Assets.xcassets */; };
		D563560F2BF4C72600F0FDE1 /* Preview Assets.xcassets in Resources */ = {isa = PBXBuildFile; fileRef = D563560E2BF4C72600F0FDE1 /* Preview Assets.xcassets */; };
		D56356162BF4D00000F0FDE1 /* UIHelperManager.swift in Sources */ = {isa = PBXBuildFile; fileRef = D56356152BF4CFFF00F0FDE1 /* UIHelperManager.swift */; };
		D56356182BF4D38900F0FDE1 /* UpadatesTabScreen.swift in Sources */ = {isa = PBXBuildFile; fileRef = D56356172BF4D38900F0FDE1 /* UpadatesTabScreen.swift */; };
		D563561A2BF4FD4600F0FDE1 /* CallsTabScreen.swift in Sources */ = {isa = PBXBuildFile; fileRef = D56356192BF4FD4600F0FDE1 /* CallsTabScreen.swift */; };
		D563561D2BF5092200F0FDE1 /* Intiger.swift in Sources */ = {isa = PBXBuildFile; fileRef = D563561C2BF5092200F0FDE1 /* Intiger.swift */; };
		D56356292BF50B7F00F0FDE1 /* CommunitiesTabScreen.swift in Sources */ = {isa = PBXBuildFile; fileRef = D56356282BF50B7F00F0FDE1 /* CommunitiesTabScreen.swift */; };
		D56670702C15592900A2FAF2 /* FirebaseHelper.swift in Sources */ = {isa = PBXBuildFile; fileRef = D566706F2C15592900A2FAF2 /* FirebaseHelper.swift */; };
		D5854E072C2694DC00AC3884 /* VoiceMessagePlayer.swift in Sources */ = {isa = PBXBuildFile; fileRef = D5854E062C2694DC00AC3884 /* VoiceMessagePlayer.swift */; };
		D5854E092C26C7C900AC3884 /* VideoMessagePlayer.swift in Sources */ = {isa = PBXBuildFile; fileRef = D5854E082C26C7C900AC3884 /* VideoMessagePlayer.swift */; };
		D58EF3302C118B050087CD71 /* VoiceRecorderService.swift in Sources */ = {isa = PBXBuildFile; fileRef = D58EF32F2C118B050087CD71 /* VoiceRecorderService.swift */; };
		D58EF3322C11A2D40087CD71 /* TimeInterval + Extension.swift in Sources */ = {isa = PBXBuildFile; fileRef = D58EF3312C11A2D40087CD71 /* TimeInterval + Extension.swift */; };
		D592DD9A2BF9F9AB007464C8 /* ChatRoomViewModel.swift in Sources */ = {isa = PBXBuildFile; fileRef = D592DD992BF9F9AA007464C8 /* ChatRoomViewModel.swift */; };
		D592DD9C2BFA080E007464C8 /* MessageService.swift in Sources */ = {isa = PBXBuildFile; fileRef = D592DD9B2BFA080E007464C8 /* MessageService.swift */; };
		D592DD9E2BFA3746007464C8 /* ChannelCreationTextView.swift in Sources */ = {isa = PBXBuildFile; fileRef = D592DD9D2BFA3746007464C8 /* ChannelCreationTextView.swift */; };
		D592DDA02BFA3A5B007464C8 /* AdminMessageTextView.swift in Sources */ = {isa = PBXBuildFile; fileRef = D592DD9F2BFA3A5B007464C8 /* AdminMessageTextView.swift */; };
		D592DDA42BFA41DA007464C8 /* CircularProfileImageView.swift in Sources */ = {isa = PBXBuildFile; fileRef = D592DDA32BFA41DA007464C8 /* CircularProfileImageView.swift */; };
		D592DDA72BFA4229007464C8 /* Kingfisher in Frameworks */ = {isa = PBXBuildFile; productRef = D592DDA62BFA4229007464C8 /* Kingfisher */; };
		D592DDA92BFA514E007464C8 /* Date + Extension.swift in Sources */ = {isa = PBXBuildFile; fileRef = D592DDA82BFA514E007464C8 /* Date + Extension.swift */; };
		D59A1E3B2C08D26E00508D64 /* MediaPlayerView.swift in Sources */ = {isa = PBXBuildFile; fileRef = D59A1E3A2C08D26E00508D64 /* MediaPlayerView.swift */; };
		D5C56BAD2C1AB09D00A83E8C /* UIApplication+Extensions.swift in Sources */ = {isa = PBXBuildFile; fileRef = D5C56BAC2C1AB09D00A83E8C /* UIApplication+Extensions.swift */; };
		D5C56BAF2C1AB4F900A83E8C /* UIWindowScene+Extension.swift in Sources */ = {isa = PBXBuildFile; fileRef = D5C56BAE2C1AB4F900A83E8C /* UIWindowScene+Extension.swift */; };
		D5FB52A22BF6003E0091B68A /* ChannelTabScreen.swift in Sources */ = {isa = PBXBuildFile; fileRef = D5FB52A12BF6003E0091B68A /* ChannelTabScreen.swift */; };
		D5FB52A62BF6084A0091B68A /* ChannelItemView.swift in Sources */ = {isa = PBXBuildFile; fileRef = D5FB52A52BF6084A0091B68A /* ChannelItemView.swift */; };
		D5FB52A92BF611A30091B68A /* SettingsTabScreen.swift in Sources */ = {isa = PBXBuildFile; fileRef = D5FB52A82BF611A30091B68A /* SettingsTabScreen.swift */; };
		D5FB52AB2BF614ED0091B68A /* SettingItemView.swift in Sources */ = {isa = PBXBuildFile; fileRef = D5FB52AA2BF614ED0091B68A /* SettingItemView.swift */; };
		D5FB52AE2BF6172F0091B68A /* SettingsItem.swift in Sources */ = {isa = PBXBuildFile; fileRef = D5FB52AD2BF6172F0091B68A /* SettingsItem.swift */; };
		D5FB52B22BF61E680091B68A /* ChatRoomScreen.swift in Sources */ = {isa = PBXBuildFile; fileRef = D5FB52B12BF61E680091B68A /* ChatRoomScreen.swift */; };
		D5FB52B42BF6217E0091B68A /* TextInputArea.swift in Sources */ = {isa = PBXBuildFile; fileRef = D5FB52B32BF6217E0091B68A /* TextInputArea.swift */; };
		D5FB52B62BF62EFF0091B68A /* MessageListController.swift in Sources */ = {isa = PBXBuildFile; fileRef = D5FB52B52BF62EFF0091B68A /* MessageListController.swift */; };
		D5FB52B82BF632D60091B68A /* MessageListView.swift in Sources */ = {isa = PBXBuildFile; fileRef = D5FB52B72BF632D60091B68A /* MessageListView.swift */; };
		D5FB52BB2BF6379E0091B68A /* MessageItem.swift in Sources */ = {isa = PBXBuildFile; fileRef = D5FB52BA2BF6379E0091B68A /* MessageItem.swift */; };
		D5FB52BD2BF638EC0091B68A /* BubbleTextView.swift in Sources */ = {isa = PBXBuildFile; fileRef = D5FB52BC2BF638EC0091B68A /* BubbleTextView.swift */; };
		D5FB52BF2BF6422F0091B68A /* BubbleTailView.swift in Sources */ = {isa = PBXBuildFile; fileRef = D5FB52BE2BF6422F0091B68A /* BubbleTailView.swift */; };
		D5FB52C32BF6448D0091B68A /* CustomModifiers.swift in Sources */ = {isa = PBXBuildFile; fileRef = D5FB52C22BF6448C0091B68A /* CustomModifiers.swift */; };
		D5FB52C52BF660720091B68A /* BubblePhotoView.swift in Sources */ = {isa = PBXBuildFile; fileRef = D5FB52C42BF660720091B68A /* BubblePhotoView.swift */; };
		D5FB52C72BF670960091B68A /* BubbleAudioView.swift in Sources */ = {isa = PBXBuildFile; fileRef = D5FB52C62BF670960091B68A /* BubbleAudioView.swift */; };
		D5FB52D42BF69E6F0091B68A /* CustomSlider.swift in Sources */ = {isa = PBXBuildFile; fileRef = D5FB52D32BF69E6F0091B68A /* CustomSlider.swift */; };
/* End PBXBuildFile section */

/* Begin PBXFileReference section */
		D50450BA2C0712AB00CD1F46 /* photoPickerItems + Extension.swift */ = {isa = PBXFileReference; lastKnownFileType = sourcecode.swift; path = "photoPickerItems + Extension.swift"; sourceTree = "<group>"; };
		D50450BC2C07162100CD1F46 /* MediaPickerItem_Types.swift */ = {isa = PBXFileReference; lastKnownFileType = sourcecode.swift; path = MediaPickerItem_Types.swift; sourceTree = "<group>"; };
		D52A8AB82BF8A81000D63B64 /* SelectedChatPartnerView.swift */ = {isa = PBXFileReference; lastKnownFileType = sourcecode.swift; path = SelectedChatPartnerView.swift; sourceTree = "<group>"; };
		D52A8ABA2BF8B14E00D63B64 /* NewGroupSetUpScreen.swift */ = {isa = PBXFileReference; lastKnownFileType = sourcecode.swift; path = NewGroupSetUpScreen.swift; sourceTree = "<group>"; };
		D52A8ABD2BF8E1B300D63B64 /* UserServices.swift */ = {isa = PBXFileReference; lastKnownFileType = sourcecode.swift; path = UserServices.swift; sourceTree = "<group>"; };
		D52A8AC02BF8FE7200D63B64 /* ChannelItem.swift */ = {isa = PBXFileReference; lastKnownFileType = sourcecode.swift; path = ChannelItem.swift; sourceTree = "<group>"; };
		D52A8AC22BF9038E00D63B64 /* ChannelTabViewModel.swift */ = {isa = PBXFileReference; lastKnownFileType = sourcecode.swift; path = ChannelTabViewModel.swift; sourceTree = "<group>"; };
		D52A8AC42BF90FD000D63B64 /* String + Extensions.swift */ = {isa = PBXFileReference; lastKnownFileType = sourcecode.swift; path = "String + Extensions.swift"; sourceTree = "<group>"; };
		D52A8AC62BF92A8B00D63B64 /* MessageItem + Type.swift */ = {isa = PBXFileReference; lastKnownFileType = sourcecode.swift; path = "MessageItem + Type.swift"; sourceTree = "<group>"; };
		D52E16802BF73E3D002466D8 /* GoogleService-Info.plist */ = {isa = PBXFileReference; fileEncoding = 4; lastKnownFileType = text.plist.xml; path = "GoogleService-Info.plist"; sourceTree = "<group>"; };
		D52E16842BF7498E002466D8 /* LoginScreen.swift */ = {isa = PBXFileReference; lastKnownFileType = sourcecode.swift; path = LoginScreen.swift; sourceTree = "<group>"; };
		D52E16862BF74A5C002466D8 /* AuthHeaderView.swift */ = {isa = PBXFileReference; lastKnownFileType = sourcecode.swift; path = AuthHeaderView.swift; sourceTree = "<group>"; };
		D52E16882BF74B3A002466D8 /* AuthTextFeild.swift */ = {isa = PBXFileReference; lastKnownFileType = sourcecode.swift; path = AuthTextFeild.swift; sourceTree = "<group>"; };
		D52E168A2BF754CB002466D8 /* AuthButton.swift */ = {isa = PBXFileReference; lastKnownFileType = sourcecode.swift; path = AuthButton.swift; sourceTree = "<group>"; };
		D52E168D2BF76011002466D8 /* SignupScreen.swift */ = {isa = PBXFileReference; lastKnownFileType = sourcecode.swift; path = SignupScreen.swift; sourceTree = "<group>"; };
		D52E16902BF764CA002466D8 /* AuthViewModel.swift */ = {isa = PBXFileReference; lastKnownFileType = sourcecode.swift; path = AuthViewModel.swift; sourceTree = "<group>"; };
		D52E16932BF76EDD002466D8 /* AuthProvider.swift */ = {isa = PBXFileReference; lastKnownFileType = sourcecode.swift; path = AuthProvider.swift; sourceTree = "<group>"; };
		D52E16982BF79631002466D8 /* RootScreen.swift */ = {isa = PBXFileReference; lastKnownFileType = sourcecode.swift; path = RootScreen.swift; sourceTree = "<group>"; };
		D52E169A2BF79643002466D8 /* RootScreenViewModel.swift */ = {isa = PBXFileReference; lastKnownFileType = sourcecode.swift; path = RootScreenViewModel.swift; sourceTree = "<group>"; };
		D52E169D2BF7A1B7002466D8 /* UserItem.swift */ = {isa = PBXFileReference; lastKnownFileType = sourcecode.swift; path = UserItem.swift; sourceTree = "<group>"; };
		D52E16A02BF7A395002466D8 /* FirebaseConstants.swift */ = {isa = PBXFileReference; lastKnownFileType = sourcecode.swift; path = FirebaseConstants.swift; sourceTree = "<group>"; };
		D52E16A22BF7BB81002466D8 /* ChatPartnerPickerScreen.swift */ = {isa = PBXFileReference; lastKnownFileType = sourcecode.swift; path = ChatPartnerPickerScreen.swift; sourceTree = "<group>"; };
		D52E16A42BF7C4DE002466D8 /* ChatPartnerRowView.swift */ = {isa = PBXFileReference; lastKnownFileType = sourcecode.swift; path = ChatPartnerRowView.swift; sourceTree = "<group>"; };
		D52E16A72BF7E60C002466D8 /* ChatPartnerPickerViewModel.swift */ = {isa = PBXFileReference; lastKnownFileType = sourcecode.swift; path = ChatPartnerPickerViewModel.swift; sourceTree = "<group>"; };
		D52E16A92BF7F82C002466D8 /* GroupPartnerPickerScreen.swift */ = {isa = PBXFileReference; lastKnownFileType = sourcecode.swift; path = GroupPartnerPickerScreen.swift; sourceTree = "<group>"; };
		D55F208E2C05003A00EB07F9 /* MediaAtachmentPreview.swift */ = {isa = PBXFileReference; lastKnownFileType = sourcecode.swift; path = MediaAtachmentPreview.swift; sourceTree = "<group>"; };
		D56356042BF4C70F00F0FDE1 /* WhatsAppSwiftUI.app */ = {isa = PBXFileReference; explicitFileType = wrapper.application; includeInIndex = 0; path = WhatsAppSwiftUI.app; sourceTree = BUILT_PRODUCTS_DIR; };
		D56356072BF4C70F00F0FDE1 /* WhatsAppSwiftUIApp.swift */ = {isa = PBXFileReference; lastKnownFileType = sourcecode.swift; path = WhatsAppSwiftUIApp.swift; sourceTree = "<group>"; };
		D56356092BF4C70F00F0FDE1 /* MainTabView.swift */ = {isa = PBXFileReference; lastKnownFileType = sourcecode.swift; path = MainTabView.swift; sourceTree = "<group>"; };
		D563560B2BF4C72600F0FDE1 /* Assets.xcassets */ = {isa = PBXFileReference; lastKnownFileType = folder.assetcatalog; path = Assets.xcassets; sourceTree = "<group>"; };
		D563560E2BF4C72600F0FDE1 /* Preview Assets.xcassets */ = {isa = PBXFileReference; lastKnownFileType = folder.assetcatalog; path = "Preview Assets.xcassets"; sourceTree = "<group>"; };
		D56356152BF4CFFF00F0FDE1 /* UIHelperManager.swift */ = {isa = PBXFileReference; lastKnownFileType = sourcecode.swift; path = UIHelperManager.swift; sourceTree = "<group>"; };
		D56356172BF4D38900F0FDE1 /* UpadatesTabScreen.swift */ = {isa = PBXFileReference; lastKnownFileType = sourcecode.swift; path = UpadatesTabScreen.swift; sourceTree = "<group>"; };
		D56356192BF4FD4600F0FDE1 /* CallsTabScreen.swift */ = {isa = PBXFileReference; lastKnownFileType = sourcecode.swift; path = CallsTabScreen.swift; sourceTree = "<group>"; };
		D563561C2BF5092200F0FDE1 /* Intiger.swift */ = {isa = PBXFileReference; lastKnownFileType = sourcecode.swift; path = Intiger.swift; sourceTree = "<group>"; };
		D56356282BF50B7F00F0FDE1 /* CommunitiesTabScreen.swift */ = {isa = PBXFileReference; lastKnownFileType = sourcecode.swift; path = CommunitiesTabScreen.swift; sourceTree = "<group>"; };
		D566706F2C15592900A2FAF2 /* FirebaseHelper.swift */ = {isa = PBXFileReference; lastKnownFileType = sourcecode.swift; path = FirebaseHelper.swift; sourceTree = "<group>"; };
		D5854E062C2694DC00AC3884 /* VoiceMessagePlayer.swift */ = {isa = PBXFileReference; lastKnownFileType = sourcecode.swift; path = VoiceMessagePlayer.swift; sourceTree = "<group>"; };
		D5854E082C26C7C900AC3884 /* VideoMessagePlayer.swift */ = {isa = PBXFileReference; lastKnownFileType = sourcecode.swift; path = VideoMessagePlayer.swift; sourceTree = "<group>"; };
		D58EF32F2C118B050087CD71 /* VoiceRecorderService.swift */ = {isa = PBXFileReference; lastKnownFileType = sourcecode.swift; path = VoiceRecorderService.swift; sourceTree = "<group>"; };
		D58EF3312C11A2D40087CD71 /* TimeInterval + Extension.swift */ = {isa = PBXFileReference; lastKnownFileType = sourcecode.swift; path = "TimeInterval + Extension.swift"; sourceTree = "<group>"; };
		D592DD992BF9F9AA007464C8 /* ChatRoomViewModel.swift */ = {isa = PBXFileReference; lastKnownFileType = sourcecode.swift; path = ChatRoomViewModel.swift; sourceTree = "<group>"; };
		D592DD9B2BFA080E007464C8 /* MessageService.swift */ = {isa = PBXFileReference; lastKnownFileType = sourcecode.swift; path = MessageService.swift; sourceTree = "<group>"; };
		D592DD9D2BFA3746007464C8 /* ChannelCreationTextView.swift */ = {isa = PBXFileReference; lastKnownFileType = sourcecode.swift; path = ChannelCreationTextView.swift; sourceTree = "<group>"; };
		D592DD9F2BFA3A5B007464C8 /* AdminMessageTextView.swift */ = {isa = PBXFileReference; lastKnownFileType = sourcecode.swift; path = AdminMessageTextView.swift; sourceTree = "<group>"; };
		D592DDA32BFA41DA007464C8 /* CircularProfileImageView.swift */ = {isa = PBXFileReference; lastKnownFileType = sourcecode.swift; path = CircularProfileImageView.swift; sourceTree = "<group>"; };
		D592DDA82BFA514E007464C8 /* Date + Extension.swift */ = {isa = PBXFileReference; lastKnownFileType = sourcecode.swift; path = "Date + Extension.swift"; sourceTree = "<group>"; };
		D59A1E3A2C08D26E00508D64 /* MediaPlayerView.swift */ = {isa = PBXFileReference; lastKnownFileType = sourcecode.swift; path = MediaPlayerView.swift; sourceTree = "<group>"; };
		D5C56BAC2C1AB09D00A83E8C /* UIApplication+Extensions.swift */ = {isa = PBXFileReference; lastKnownFileType = sourcecode.swift; path = "UIApplication+Extensions.swift"; sourceTree = "<group>"; };
		D5C56BAE2C1AB4F900A83E8C /* UIWindowScene+Extension.swift */ = {isa = PBXFileReference; lastKnownFileType = sourcecode.swift; path = "UIWindowScene+Extension.swift"; sourceTree = "<group>"; };
		D5FB52A12BF6003E0091B68A /* ChannelTabScreen.swift */ = {isa = PBXFileReference; lastKnownFileType = sourcecode.swift; path = ChannelTabScreen.swift; sourceTree = "<group>"; };
		D5FB52A52BF6084A0091B68A /* ChannelItemView.swift */ = {isa = PBXFileReference; lastKnownFileType = sourcecode.swift; path = ChannelItemView.swift; sourceTree = "<group>"; };
		D5FB52A82BF611A30091B68A /* SettingsTabScreen.swift */ = {isa = PBXFileReference; lastKnownFileType = sourcecode.swift; path = SettingsTabScreen.swift; sourceTree = "<group>"; };
		D5FB52AA2BF614ED0091B68A /* SettingItemView.swift */ = {isa = PBXFileReference; lastKnownFileType = sourcecode.swift; path = SettingItemView.swift; sourceTree = "<group>"; };
		D5FB52AD2BF6172F0091B68A /* SettingsItem.swift */ = {isa = PBXFileReference; lastKnownFileType = sourcecode.swift; path = SettingsItem.swift; sourceTree = "<group>"; };
		D5FB52B12BF61E680091B68A /* ChatRoomScreen.swift */ = {isa = PBXFileReference; lastKnownFileType = sourcecode.swift; path = ChatRoomScreen.swift; sourceTree = "<group>"; };
		D5FB52B32BF6217E0091B68A /* TextInputArea.swift */ = {isa = PBXFileReference; lastKnownFileType = sourcecode.swift; path = TextInputArea.swift; sourceTree = "<group>"; };
		D5FB52B52BF62EFF0091B68A /* MessageListController.swift */ = {isa = PBXFileReference; lastKnownFileType = sourcecode.swift; path = MessageListController.swift; sourceTree = "<group>"; };
		D5FB52B72BF632D60091B68A /* MessageListView.swift */ = {isa = PBXFileReference; lastKnownFileType = sourcecode.swift; path = MessageListView.swift; sourceTree = "<group>"; };
		D5FB52BA2BF6379E0091B68A /* MessageItem.swift */ = {isa = PBXFileReference; lastKnownFileType = sourcecode.swift; path = MessageItem.swift; sourceTree = "<group>"; };
		D5FB52BC2BF638EC0091B68A /* BubbleTextView.swift */ = {isa = PBXFileReference; lastKnownFileType = sourcecode.swift; path = BubbleTextView.swift; sourceTree = "<group>"; };
		D5FB52BE2BF6422F0091B68A /* BubbleTailView.swift */ = {isa = PBXFileReference; lastKnownFileType = sourcecode.swift; path = BubbleTailView.swift; sourceTree = "<group>"; };
		D5FB52C22BF6448C0091B68A /* CustomModifiers.swift */ = {isa = PBXFileReference; lastKnownFileType = sourcecode.swift; path = CustomModifiers.swift; sourceTree = "<group>"; };
		D5FB52C42BF660720091B68A /* BubblePhotoView.swift */ = {isa = PBXFileReference; lastKnownFileType = sourcecode.swift; path = BubblePhotoView.swift; sourceTree = "<group>"; };
		D5FB52C62BF670960091B68A /* BubbleAudioView.swift */ = {isa = PBXFileReference; lastKnownFileType = sourcecode.swift; path = BubbleAudioView.swift; sourceTree = "<group>"; };
		D5FB52D32BF69E6F0091B68A /* CustomSlider.swift */ = {isa = PBXFileReference; lastKnownFileType = sourcecode.swift; path = CustomSlider.swift; sourceTree = "<group>"; };
/* End PBXFileReference section */

/* Begin PBXFrameworksBuildPhase section */
		D56356012BF4C70F00F0FDE1 /* Frameworks */ = {
			isa = PBXFrameworksBuildPhase;
			buildActionMask = 2147483647;
			files = (
				D592DDA72BFA4229007464C8 /* Kingfisher in Frameworks */,
				D52E167D2BF73D6D002466D8 /* FirebaseMessaging in Frameworks */,
				D52E167B2BF73D6D002466D8 /* FirebaseDatabaseSwift in Frameworks */,
				D52E16792BF73D6D002466D8 /* FirebaseDatabase in Frameworks */,
				D52E167F2BF73D6D002466D8 /* FirebaseStorage in Frameworks */,
				D52E16772BF73D6D002466D8 /* FirebaseAuth in Frameworks */,
			);
			runOnlyForDeploymentPostprocessing = 0;
		};
/* End PBXFrameworksBuildPhase section */

/* Begin PBXGroup section */
		D52A8ABC2BF8E19F00D63B64 /* Services */ = {
			isa = PBXGroup;
			children = (
				D52A8ABD2BF8E1B300D63B64 /* UserServices.swift */,
				D592DD9B2BFA080E007464C8 /* MessageService.swift */,
				D58EF32F2C118B050087CD71 /* VoiceRecorderService.swift */,
			);
			path = Services;
			sourceTree = "<group>";
		};
		D52A8ABF2BF8FE6100D63B64 /* Model */ = {
			isa = PBXGroup;
			children = (
				D52A8AC02BF8FE7200D63B64 /* ChannelItem.swift */,
			);
			path = Model;
			sourceTree = "<group>";
		};
		D52E16822BF74964002466D8 /* Auth */ = {
			isa = PBXGroup;
			children = (
				D52E169C2BF7A1AA002466D8 /* Model */,
				D52E16922BF76EB2002466D8 /* Services */,
				D52E168F2BF764B0002466D8 /* ViewModel */,
				D52E168C2BF75F5F002466D8 /* Components */,
				D52E16832BF74974002466D8 /* View */,
			);
			path = Auth;
			sourceTree = "<group>";
		};
		D52E16832BF74974002466D8 /* View */ = {
			isa = PBXGroup;
			children = (
				D52E16842BF7498E002466D8 /* LoginScreen.swift */,
				D52E168D2BF76011002466D8 /* SignupScreen.swift */,
			);
			path = View;
			sourceTree = "<group>";
		};
		D52E168C2BF75F5F002466D8 /* Components */ = {
			isa = PBXGroup;
			children = (
				D52E16882BF74B3A002466D8 /* AuthTextFeild.swift */,
				D52E16862BF74A5C002466D8 /* AuthHeaderView.swift */,
				D52E168A2BF754CB002466D8 /* AuthButton.swift */,
			);
			path = Components;
			sourceTree = "<group>";
		};
		D52E168F2BF764B0002466D8 /* ViewModel */ = {
			isa = PBXGroup;
			children = (
				D52E16902BF764CA002466D8 /* AuthViewModel.swift */,
			);
			path = ViewModel;
			sourceTree = "<group>";
		};
		D52E16922BF76EB2002466D8 /* Services */ = {
			isa = PBXGroup;
			children = (
				D52E16932BF76EDD002466D8 /* AuthProvider.swift */,
			);
			path = Services;
			sourceTree = "<group>";
		};
		D52E16952BF79610002466D8 /* Root */ = {
			isa = PBXGroup;
			children = (
				D52E16972BF7961F002466D8 /* ViewModel */,
				D52E16962BF79619002466D8 /* View */,
			);
			path = Root;
			sourceTree = "<group>";
		};
		D52E16962BF79619002466D8 /* View */ = {
			isa = PBXGroup;
			children = (
				D52E16982BF79631002466D8 /* RootScreen.swift */,
			);
			path = View;
			sourceTree = "<group>";
		};
		D52E16972BF7961F002466D8 /* ViewModel */ = {
			isa = PBXGroup;
			children = (
				D52E169A2BF79643002466D8 /* RootScreenViewModel.swift */,
			);
			path = ViewModel;
			sourceTree = "<group>";
		};
		D52E169C2BF7A1AA002466D8 /* Model */ = {
			isa = PBXGroup;
			children = (
				D52E169D2BF7A1B7002466D8 /* UserItem.swift */,
			);
			path = Model;
			sourceTree = "<group>";
		};
		D52E169F2BF7A366002466D8 /* Utils */ = {
			isa = PBXGroup;
			children = (
				D52E16A02BF7A395002466D8 /* FirebaseConstants.swift */,
			);
			path = Utils;
			sourceTree = "<group>";
		};
		D52E16A62BF7E5E9002466D8 /* ViewModel */ = {
			isa = PBXGroup;
			children = (
				D52E16A72BF7E60C002466D8 /* ChatPartnerPickerViewModel.swift */,
				D52A8AC22BF9038E00D63B64 /* ChannelTabViewModel.swift */,
			);
			path = ViewModel;
			sourceTree = "<group>";
		};
		D56355FB2BF4C70E00F0FDE1 = {
			isa = PBXGroup;
			children = (
				D56356062BF4C70F00F0FDE1 /* WhatsAppSwiftUI */,
				D56356052BF4C70F00F0FDE1 /* Products */,
			);
			sourceTree = "<group>";
		};
		D56356052BF4C70F00F0FDE1 /* Products */ = {
			isa = PBXGroup;
			children = (
				D56356042BF4C70F00F0FDE1 /* WhatsAppSwiftUI.app */,
			);
			name = Products;
			sourceTree = "<group>";
		};
		D56356062BF4C70F00F0FDE1 /* WhatsAppSwiftUI */ = {
			isa = PBXGroup;
			children = (
				D592DDA12BFA41A9007464C8 /* Components */,
				D52A8ABC2BF8E19F00D63B64 /* Services */,
				D52E169F2BF7A366002466D8 /* Utils */,
				D5FB52C02BF644560091B68A /* Helpper */,
				D563561F2BF50A0400F0FDE1 /* Screens */,
				D563561E2BF509F600F0FDE1 /* Manager */,
				D563561B2BF5090700F0FDE1 /* Extensions */,
				D56356072BF4C70F00F0FDE1 /* WhatsAppSwiftUIApp.swift */,
				D56356092BF4C70F00F0FDE1 /* MainTabView.swift */,
				D52E16802BF73E3D002466D8 /* GoogleService-Info.plist */,
				D563560B2BF4C72600F0FDE1 /* Assets.xcassets */,
				D563560D2BF4C72600F0FDE1 /* Preview Content */,
			);
			path = WhatsAppSwiftUI;
			sourceTree = "<group>";
		};
		D563560D2BF4C72600F0FDE1 /* Preview Content */ = {
			isa = PBXGroup;
			children = (
				D563560E2BF4C72600F0FDE1 /* Preview Assets.xcassets */,
			);
			path = "Preview Content";
			sourceTree = "<group>";
		};
		D563561B2BF5090700F0FDE1 /* Extensions */ = {
			isa = PBXGroup;
			children = (
				D563561C2BF5092200F0FDE1 /* Intiger.swift */,
				D52A8AC42BF90FD000D63B64 /* String + Extensions.swift */,
				D592DDA82BFA514E007464C8 /* Date + Extension.swift */,
				D50450BA2C0712AB00CD1F46 /* photoPickerItems + Extension.swift */,
				D58EF3312C11A2D40087CD71 /* TimeInterval + Extension.swift */,
				D5C56BAC2C1AB09D00A83E8C /* UIApplication+Extensions.swift */,
				D5C56BAE2C1AB4F900A83E8C /* UIWindowScene+Extension.swift */,
			);
			path = Extensions;
			sourceTree = "<group>";
		};
		D563561E2BF509F600F0FDE1 /* Manager */ = {
			isa = PBXGroup;
			children = (
				D56356152BF4CFFF00F0FDE1 /* UIHelperManager.swift */,
			);
			name = Manager;
			sourceTree = "<group>";
		};
		D563561F2BF50A0400F0FDE1 /* Screens */ = {
			isa = PBXGroup;
			children = (
				D52E16952BF79610002466D8 /* Root */,
				D52E16822BF74964002466D8 /* Auth */,
				D5FB52AF2BF61E320091B68A /* Chats */,
				D56356262BF50B4A00F0FDE1 /* Settings */,
				D56356252BF50B4300F0FDE1 /* Channels */,
				D56356242BF50B2900F0FDE1 /* Communities */,
				D56356212BF50ADA00F0FDE1 /* Calls */,
				D56356202BF50AC300F0FDE1 /* Updates */,
			);
			path = Screens;
			sourceTree = "<group>";
		};
		D56356202BF50AC300F0FDE1 /* Updates */ = {
			isa = PBXGroup;
			children = (
				D56356222BF50AE500F0FDE1 /* View */,
			);
			path = Updates;
			sourceTree = "<group>";
		};
		D56356212BF50ADA00F0FDE1 /* Calls */ = {
			isa = PBXGroup;
			children = (
				D56356232BF50B1600F0FDE1 /* View */,
			);
			path = Calls;
			sourceTree = "<group>";
		};
		D56356222BF50AE500F0FDE1 /* View */ = {
			isa = PBXGroup;
			children = (
				D56356172BF4D38900F0FDE1 /* UpadatesTabScreen.swift */,
			);
			path = View;
			sourceTree = "<group>";
		};
		D56356232BF50B1600F0FDE1 /* View */ = {
			isa = PBXGroup;
			children = (
				D56356192BF4FD4600F0FDE1 /* CallsTabScreen.swift */,
			);
			path = View;
			sourceTree = "<group>";
		};
		D56356242BF50B2900F0FDE1 /* Communities */ = {
			isa = PBXGroup;
			children = (
				D56356272BF50B5300F0FDE1 /* View */,
			);
			path = Communities;
			sourceTree = "<group>";
		};
		D56356252BF50B4300F0FDE1 /* Channels */ = {
			isa = PBXGroup;
			children = (
				D52A8ABF2BF8FE6100D63B64 /* Model */,
				D52E16A62BF7E5E9002466D8 /* ViewModel */,
				D5FB52A02BF600250091B68A /* View */,
			);
			path = Channels;
			sourceTree = "<group>";
		};
		D56356262BF50B4A00F0FDE1 /* Settings */ = {
			isa = PBXGroup;
			children = (
				D5FB52AC2BF617190091B68A /* Model */,
				D5FB52A72BF6117E0091B68A /* View */,
			);
			path = Settings;
			sourceTree = "<group>";
		};
		D56356272BF50B5300F0FDE1 /* View */ = {
			isa = PBXGroup;
			children = (
				D56356282BF50B7F00F0FDE1 /* CommunitiesTabScreen.swift */,
			);
			path = View;
			sourceTree = "<group>";
		};
		D592DD982BF9F98D007464C8 /* ViewModel */ = {
			isa = PBXGroup;
			children = (
				D592DD992BF9F9AA007464C8 /* ChatRoomViewModel.swift */,
				D5854E062C2694DC00AC3884 /* VoiceMessagePlayer.swift */,
				D5854E082C26C7C900AC3884 /* VideoMessagePlayer.swift */,
			);
			path = ViewModel;
			sourceTree = "<group>";
		};
		D592DDA12BFA41A9007464C8 /* Components */ = {
			isa = PBXGroup;
			children = (
				D592DDA32BFA41DA007464C8 /* CircularProfileImageView.swift */,
				D59A1E3A2C08D26E00508D64 /* MediaPlayerView.swift */,
			);
			path = Components;
			sourceTree = "<group>";
		};
		D5FB52A02BF600250091B68A /* View */ = {
			isa = PBXGroup;
			children = (
				D5FB52A12BF6003E0091B68A /* ChannelTabScreen.swift */,
				D5FB52A52BF6084A0091B68A /* ChannelItemView.swift */,
				D52E16A22BF7BB81002466D8 /* ChatPartnerPickerScreen.swift */,
				D52E16A42BF7C4DE002466D8 /* ChatPartnerRowView.swift */,
				D52E16A92BF7F82C002466D8 /* GroupPartnerPickerScreen.swift */,
				D52A8AB82BF8A81000D63B64 /* SelectedChatPartnerView.swift */,
				D52A8ABA2BF8B14E00D63B64 /* NewGroupSetUpScreen.swift */,
			);
			path = View;
			sourceTree = "<group>";
		};
		D5FB52A72BF6117E0091B68A /* View */ = {
			isa = PBXGroup;
			children = (
				D5FB52A82BF611A30091B68A /* SettingsTabScreen.swift */,
				D5FB52AA2BF614ED0091B68A /* SettingItemView.swift */,
			);
			path = View;
			sourceTree = "<group>";
		};
		D5FB52AC2BF617190091B68A /* Model */ = {
			isa = PBXGroup;
			children = (
				D5FB52AD2BF6172F0091B68A /* SettingsItem.swift */,
			);
			path = Model;
			sourceTree = "<group>";
		};
		D5FB52AF2BF61E320091B68A /* Chats */ = {
			isa = PBXGroup;
			children = (
				D592DD982BF9F98D007464C8 /* ViewModel */,
				D5FB52B92BF6378B0091B68A /* Models */,
				D5FB52B02BF61E510091B68A /* View */,
			);
			path = Chats;
			sourceTree = "<group>";
		};
		D5FB52B02BF61E510091B68A /* View */ = {
			isa = PBXGroup;
			children = (
				D5FB52C82BF689C40091B68A /* Bubbles */,
				D5FB52B12BF61E680091B68A /* ChatRoomScreen.swift */,
				D5FB52B32BF6217E0091B68A /* TextInputArea.swift */,
				D5FB52B52BF62EFF0091B68A /* MessageListController.swift */,
				D5FB52B72BF632D60091B68A /* MessageListView.swift */,
				D55F208E2C05003A00EB07F9 /* MediaAtachmentPreview.swift */,
			);
			path = View;
			sourceTree = "<group>";
		};
		D5FB52B92BF6378B0091B68A /* Models */ = {
			isa = PBXGroup;
			children = (
				D5FB52BA2BF6379E0091B68A /* MessageItem.swift */,
				D52A8AC62BF92A8B00D63B64 /* MessageItem + Type.swift */,
				D50450BC2C07162100CD1F46 /* MediaPickerItem_Types.swift */,
			);
			path = Models;
			sourceTree = "<group>";
		};
		D5FB52C02BF644560091B68A /* Helpper */ = {
			isa = PBXGroup;
			children = (
				D5FB52D32BF69E6F0091B68A /* CustomSlider.swift */,
				D5FB52C12BF644640091B68A /* Modifiers */,
				D566706F2C15592900A2FAF2 /* FirebaseHelper.swift */,
			);
			path = Helpper;
			sourceTree = "<group>";
		};
		D5FB52C12BF644640091B68A /* Modifiers */ = {
			isa = PBXGroup;
			children = (
				D5FB52C22BF6448C0091B68A /* CustomModifiers.swift */,
			);
			path = Modifiers;
			sourceTree = "<group>";
		};
		D5FB52C82BF689C40091B68A /* Bubbles */ = {
			isa = PBXGroup;
			children = (
				D5FB52BC2BF638EC0091B68A /* BubbleTextView.swift */,
				D5FB52BE2BF6422F0091B68A /* BubbleTailView.swift */,
				D5FB52C42BF660720091B68A /* BubblePhotoView.swift */,
				D5FB52C62BF670960091B68A /* BubbleAudioView.swift */,
				D592DD9D2BFA3746007464C8 /* ChannelCreationTextView.swift */,
				D592DD9F2BFA3A5B007464C8 /* AdminMessageTextView.swift */,
			);
			path = Bubbles;
			sourceTree = "<group>";
		};
/* End PBXGroup section */

/* Begin PBXNativeTarget section */
		D56356032BF4C70F00F0FDE1 /* WhatsAppSwiftUI */ = {
			isa = PBXNativeTarget;
			buildConfigurationList = D56356122BF4C72600F0FDE1 /* Build configuration list for PBXNativeTarget "WhatsAppSwiftUI" */;
			buildPhases = (
				D56356002BF4C70F00F0FDE1 /* Sources */,
				D56356012BF4C70F00F0FDE1 /* Frameworks */,
				D56356022BF4C70F00F0FDE1 /* Resources */,
			);
			buildRules = (
			);
			dependencies = (
			);
			name = WhatsAppSwiftUI;
			packageProductDependencies = (
				D52E16762BF73D6D002466D8 /* FirebaseAuth */,
				D52E16782BF73D6D002466D8 /* FirebaseDatabase */,
				D52E167A2BF73D6D002466D8 /* FirebaseDatabaseSwift */,
				D52E167C2BF73D6D002466D8 /* FirebaseMessaging */,
				D52E167E2BF73D6D002466D8 /* FirebaseStorage */,
				D592DDA62BFA4229007464C8 /* Kingfisher */,
			);
			productName = WhatsAppSwiftUI;
			productReference = D56356042BF4C70F00F0FDE1 /* WhatsAppSwiftUI.app */;
			productType = "com.apple.product-type.application";
		};
/* End PBXNativeTarget section */

/* Begin PBXProject section */
		D56355FC2BF4C70E00F0FDE1 /* Project object */ = {
			isa = PBXProject;
			attributes = {
				BuildIndependentTargetsInParallel = 1;
				LastSwiftUpdateCheck = 1530;
				LastUpgradeCheck = 1530;
				TargetAttributes = {
					D56356032BF4C70F00F0FDE1 = {
						CreatedOnToolsVersion = 15.3;
					};
				};
			};
			buildConfigurationList = D56355FF2BF4C70E00F0FDE1 /* Build configuration list for PBXProject "WhatsAppSwiftUI" */;
			compatibilityVersion = "Xcode 14.0";
			developmentRegion = en;
			hasScannedForEncodings = 0;
			knownRegions = (
				en,
				Base,
			);
			mainGroup = D56355FB2BF4C70E00F0FDE1;
			packageReferences = (
				D52E16752BF73D6D002466D8 /* XCRemoteSwiftPackageReference "firebase-ios-sdk" */,
				D592DDA52BFA4229007464C8 /* XCRemoteSwiftPackageReference "Kingfisher" */,
			);
			productRefGroup = D56356052BF4C70F00F0FDE1 /* Products */;
			projectDirPath = "";
			projectRoot = "";
			targets = (
				D56356032BF4C70F00F0FDE1 /* WhatsAppSwiftUI */,
			);
		};
/* End PBXProject section */

/* Begin PBXResourcesBuildPhase section */
		D56356022BF4C70F00F0FDE1 /* Resources */ = {
			isa = PBXResourcesBuildPhase;
			buildActionMask = 2147483647;
			files = (
				D563560F2BF4C72600F0FDE1 /* Preview Assets.xcassets in Resources */,
				D563560C2BF4C72600F0FDE1 /* Assets.xcassets in Resources */,
				D52E16812BF73E3D002466D8 /* GoogleService-Info.plist in Resources */,
			);
			runOnlyForDeploymentPostprocessing = 0;
		};
/* End PBXResourcesBuildPhase section */

/* Begin PBXSourcesBuildPhase section */
		D56356002BF4C70F00F0FDE1 /* Sources */ = {
			isa = PBXSourcesBuildPhase;
			buildActionMask = 2147483647;
			files = (
				D56670702C15592900A2FAF2 /* FirebaseHelper.swift in Sources */,
				D5FB52BF2BF6422F0091B68A /* BubbleTailView.swift in Sources */,
				D5FB52BD2BF638EC0091B68A /* BubbleTextView.swift in Sources */,
				D52E16A12BF7A395002466D8 /* FirebaseConstants.swift in Sources */,
				D50450BB2C0712AC00CD1F46 /* photoPickerItems + Extension.swift in Sources */,
				D5FB52A92BF611A30091B68A /* SettingsTabScreen.swift in Sources */,
				D5FB52B82BF632D60091B68A /* MessageListView.swift in Sources */,
				D55F208F2C05003A00EB07F9 /* MediaAtachmentPreview.swift in Sources */,
				D52E169B2BF79643002466D8 /* RootScreenViewModel.swift in Sources */,
				D59A1E3B2C08D26E00508D64 /* MediaPlayerView.swift in Sources */,
				D56356182BF4D38900F0FDE1 /* UpadatesTabScreen.swift in Sources */,
				D5854E072C2694DC00AC3884 /* VoiceMessagePlayer.swift in Sources */,
				D52E16852BF7498E002466D8 /* LoginScreen.swift in Sources */,
				D52E16AA2BF7F82D002466D8 /* GroupPartnerPickerScreen.swift in Sources */,
				D52A8AC32BF9038E00D63B64 /* ChannelTabViewModel.swift in Sources */,
				D5FB52A22BF6003E0091B68A /* ChannelTabScreen.swift in Sources */,
				D56356162BF4D00000F0FDE1 /* UIHelperManager.swift in Sources */,
				D5FB52AB2BF614ED0091B68A /* SettingItemView.swift in Sources */,
				D5FB52C72BF670960091B68A /* BubbleAudioView.swift in Sources */,
				D5FB52AE2BF6172F0091B68A /* SettingsItem.swift in Sources */,
				D5FB52B22BF61E680091B68A /* ChatRoomScreen.swift in Sources */,
				D52E16A52BF7C4DE002466D8 /* ChatPartnerRowView.swift in Sources */,
				D52A8ABE2BF8E1B400D63B64 /* UserServices.swift in Sources */,
				D52E16992BF79631002466D8 /* RootScreen.swift in Sources */,
				D52E16942BF76EDD002466D8 /* AuthProvider.swift in Sources */,
				D5C56BAD2C1AB09D00A83E8C /* UIApplication+Extensions.swift in Sources */,
				D52E16A82BF7E60C002466D8 /* ChatPartnerPickerViewModel.swift in Sources */,
				D5FB52A62BF6084A0091B68A /* ChannelItemView.swift in Sources */,
				D52A8ABB2BF8B14E00D63B64 /* NewGroupSetUpScreen.swift in Sources */,
				D52E16872BF74A5C002466D8 /* AuthHeaderView.swift in Sources */,
				D563560A2BF4C70F00F0FDE1 /* MainTabView.swift in Sources */,
				D592DD9C2BFA080E007464C8 /* MessageService.swift in Sources */,
				D5FB52C32BF6448D0091B68A /* CustomModifiers.swift in Sources */,
				D5C56BAF2C1AB4F900A83E8C /* UIWindowScene+Extension.swift in Sources */,
				D5FB52C52BF660720091B68A /* BubblePhotoView.swift in Sources */,
				D52E16892BF74B3A002466D8 /* AuthTextFeild.swift in Sources */,
				D50450BD2C07162100CD1F46 /* MediaPickerItem_Types.swift in Sources */,
				D592DDA42BFA41DA007464C8 /* CircularProfileImageView.swift in Sources */,
				D56356292BF50B7F00F0FDE1 /* CommunitiesTabScreen.swift in Sources */,
				D52A8AC12BF8FE7200D63B64 /* ChannelItem.swift in Sources */,
				D52E16A32BF7BB81002466D8 /* ChatPartnerPickerScreen.swift in Sources */,
				D52E168B2BF754CB002466D8 /* AuthButton.swift in Sources */,
				D5FB52B42BF6217E0091B68A /* TextInputArea.swift in Sources */,
				D5FB52B62BF62EFF0091B68A /* MessageListController.swift in Sources */,
				D592DDA02BFA3A5B007464C8 /* AdminMessageTextView.swift in Sources */,
				D563561A2BF4FD4600F0FDE1 /* CallsTabScreen.swift in Sources */,
				D58EF3302C118B050087CD71 /* VoiceRecorderService.swift in Sources */,
				D52A8AC72BF92A8B00D63B64 /* MessageItem + Type.swift in Sources */,
				D52E168E2BF76011002466D8 /* SignupScreen.swift in Sources */,
				D592DD9E2BFA3746007464C8 /* ChannelCreationTextView.swift in Sources */,
				D592DDA92BFA514E007464C8 /* Date + Extension.swift in Sources */,
				D592DD9A2BF9F9AB007464C8 /* ChatRoomViewModel.swift in Sources */,
				D58EF3322C11A2D40087CD71 /* TimeInterval + Extension.swift in Sources */,
				D52E16912BF764CA002466D8 /* AuthViewModel.swift in Sources */,
				D5FB52BB2BF6379E0091B68A /* MessageItem.swift in Sources */,
				D52A8AC52BF90FD000D63B64 /* String + Extensions.swift in Sources */,
				D5854E092C26C7C900AC3884 /* VideoMessagePlayer.swift in Sources */,
				D52E169E2BF7A1B7002466D8 /* UserItem.swift in Sources */,
				D52A8AB92BF8A81000D63B64 /* SelectedChatPartnerView.swift in Sources */,
				D563561D2BF5092200F0FDE1 /* Intiger.swift in Sources */,
				D5FB52D42BF69E6F0091B68A /* CustomSlider.swift in Sources */,
				D56356082BF4C70F00F0FDE1 /* WhatsAppSwiftUIApp.swift in Sources */,
			);
			runOnlyForDeploymentPostprocessing = 0;
		};
/* End PBXSourcesBuildPhase section */

/* Begin XCBuildConfiguration section */
		D56356102BF4C72600F0FDE1 /* Debug */ = {
			isa = XCBuildConfiguration;
			buildSettings = {
				ALWAYS_SEARCH_USER_PATHS = NO;
				ASSETCATALOG_COMPILER_GENERATE_SWIFT_ASSET_SYMBOL_EXTENSIONS = YES;
				CLANG_ANALYZER_NONNULL = YES;
				CLANG_ANALYZER_NUMBER_OBJECT_CONVERSION = YES_AGGRESSIVE;
				CLANG_CXX_LANGUAGE_STANDARD = "gnu++20";
				CLANG_ENABLE_MODULES = YES;
				CLANG_ENABLE_OBJC_ARC = YES;
				CLANG_ENABLE_OBJC_WEAK = YES;
				CLANG_WARN_BLOCK_CAPTURE_AUTORELEASING = YES;
				CLANG_WARN_BOOL_CONVERSION = YES;
				CLANG_WARN_COMMA = YES;
				CLANG_WARN_CONSTANT_CONVERSION = YES;
				CLANG_WARN_DEPRECATED_OBJC_IMPLEMENTATIONS = YES;
				CLANG_WARN_DIRECT_OBJC_ISA_USAGE = YES_ERROR;
				CLANG_WARN_DOCUMENTATION_COMMENTS = YES;
				CLANG_WARN_EMPTY_BODY = YES;
				CLANG_WARN_ENUM_CONVERSION = YES;
				CLANG_WARN_INFINITE_RECURSION = YES;
				CLANG_WARN_INT_CONVERSION = YES;
				CLANG_WARN_NON_LITERAL_NULL_CONVERSION = YES;
				CLANG_WARN_OBJC_IMPLICIT_RETAIN_SELF = YES;
				CLANG_WARN_OBJC_LITERAL_CONVERSION = YES;
				CLANG_WARN_OBJC_ROOT_CLASS = YES_ERROR;
				CLANG_WARN_QUOTED_INCLUDE_IN_FRAMEWORK_HEADER = YES;
				CLANG_WARN_RANGE_LOOP_ANALYSIS = YES;
				CLANG_WARN_STRICT_PROTOTYPES = YES;
				CLANG_WARN_SUSPICIOUS_MOVE = YES;
				CLANG_WARN_UNGUARDED_AVAILABILITY = YES_AGGRESSIVE;
				CLANG_WARN_UNREACHABLE_CODE = YES;
				CLANG_WARN__DUPLICATE_METHOD_MATCH = YES;
				COPY_PHASE_STRIP = NO;
				DEBUG_INFORMATION_FORMAT = dwarf;
				ENABLE_STRICT_OBJC_MSGSEND = YES;
				ENABLE_TESTABILITY = YES;
				ENABLE_USER_SCRIPT_SANDBOXING = YES;
				GCC_C_LANGUAGE_STANDARD = gnu17;
				GCC_DYNAMIC_NO_PIC = NO;
				GCC_NO_COMMON_BLOCKS = YES;
				GCC_OPTIMIZATION_LEVEL = 0;
				GCC_PREPROCESSOR_DEFINITIONS = (
					"DEBUG=1",
					"$(inherited)",
				);
				GCC_WARN_64_TO_32_BIT_CONVERSION = YES;
				GCC_WARN_ABOUT_RETURN_TYPE = YES_ERROR;
				GCC_WARN_UNDECLARED_SELECTOR = YES;
				GCC_WARN_UNINITIALIZED_AUTOS = YES_AGGRESSIVE;
				GCC_WARN_UNUSED_FUNCTION = YES;
				GCC_WARN_UNUSED_VARIABLE = YES;
				IPHONEOS_DEPLOYMENT_TARGET = 17.4;
				LOCALIZATION_PREFERS_STRING_CATALOGS = YES;
				MTL_ENABLE_DEBUG_INFO = INCLUDE_SOURCE;
				MTL_FAST_MATH = YES;
				ONLY_ACTIVE_ARCH = YES;
				SDKROOT = iphoneos;
				SWIFT_ACTIVE_COMPILATION_CONDITIONS = "DEBUG $(inherited)";
				SWIFT_OPTIMIZATION_LEVEL = "-Onone";
			};
			name = Debug;
		};
		D56356112BF4C72600F0FDE1 /* Release */ = {
			isa = XCBuildConfiguration;
			buildSettings = {
				ALWAYS_SEARCH_USER_PATHS = NO;
				ASSETCATALOG_COMPILER_GENERATE_SWIFT_ASSET_SYMBOL_EXTENSIONS = YES;
				CLANG_ANALYZER_NONNULL = YES;
				CLANG_ANALYZER_NUMBER_OBJECT_CONVERSION = YES_AGGRESSIVE;
				CLANG_CXX_LANGUAGE_STANDARD = "gnu++20";
				CLANG_ENABLE_MODULES = YES;
				CLANG_ENABLE_OBJC_ARC = YES;
				CLANG_ENABLE_OBJC_WEAK = YES;
				CLANG_WARN_BLOCK_CAPTURE_AUTORELEASING = YES;
				CLANG_WARN_BOOL_CONVERSION = YES;
				CLANG_WARN_COMMA = YES;
				CLANG_WARN_CONSTANT_CONVERSION = YES;
				CLANG_WARN_DEPRECATED_OBJC_IMPLEMENTATIONS = YES;
				CLANG_WARN_DIRECT_OBJC_ISA_USAGE = YES_ERROR;
				CLANG_WARN_DOCUMENTATION_COMMENTS = YES;
				CLANG_WARN_EMPTY_BODY = YES;
				CLANG_WARN_ENUM_CONVERSION = YES;
				CLANG_WARN_INFINITE_RECURSION = YES;
				CLANG_WARN_INT_CONVERSION = YES;
				CLANG_WARN_NON_LITERAL_NULL_CONVERSION = YES;
				CLANG_WARN_OBJC_IMPLICIT_RETAIN_SELF = YES;
				CLANG_WARN_OBJC_LITERAL_CONVERSION = YES;
				CLANG_WARN_OBJC_ROOT_CLASS = YES_ERROR;
				CLANG_WARN_QUOTED_INCLUDE_IN_FRAMEWORK_HEADER = YES;
				CLANG_WARN_RANGE_LOOP_ANALYSIS = YES;
				CLANG_WARN_STRICT_PROTOTYPES = YES;
				CLANG_WARN_SUSPICIOUS_MOVE = YES;
				CLANG_WARN_UNGUARDED_AVAILABILITY = YES_AGGRESSIVE;
				CLANG_WARN_UNREACHABLE_CODE = YES;
				CLANG_WARN__DUPLICATE_METHOD_MATCH = YES;
				COPY_PHASE_STRIP = NO;
				DEBUG_INFORMATION_FORMAT = "dwarf-with-dsym";
				ENABLE_NS_ASSERTIONS = NO;
				ENABLE_STRICT_OBJC_MSGSEND = YES;
				ENABLE_USER_SCRIPT_SANDBOXING = YES;
				GCC_C_LANGUAGE_STANDARD = gnu17;
				GCC_NO_COMMON_BLOCKS = YES;
				GCC_WARN_64_TO_32_BIT_CONVERSION = YES;
				GCC_WARN_ABOUT_RETURN_TYPE = YES_ERROR;
				GCC_WARN_UNDECLARED_SELECTOR = YES;
				GCC_WARN_UNINITIALIZED_AUTOS = YES_AGGRESSIVE;
				GCC_WARN_UNUSED_FUNCTION = YES;
				GCC_WARN_UNUSED_VARIABLE = YES;
				IPHONEOS_DEPLOYMENT_TARGET = 17.4;
				LOCALIZATION_PREFERS_STRING_CATALOGS = YES;
				MTL_ENABLE_DEBUG_INFO = NO;
				MTL_FAST_MATH = YES;
				SDKROOT = iphoneos;
				SWIFT_COMPILATION_MODE = wholemodule;
				VALIDATE_PRODUCT = YES;
			};
			name = Release;
		};
		D56356132BF4C72600F0FDE1 /* Debug */ = {
			isa = XCBuildConfiguration;
			buildSettings = {
				ASSETCATALOG_COMPILER_APPICON_NAME = AppIcon;
				ASSETCATALOG_COMPILER_GLOBAL_ACCENT_COLOR_NAME = AccentColor;
				CODE_SIGN_STYLE = Automatic;
				CURRENT_PROJECT_VERSION = 1;
				DEVELOPMENT_ASSET_PATHS = "\"WhatsAppSwiftUI/Preview Content\"";
				ENABLE_PREVIEWS = YES;
				GENERATE_INFOPLIST_FILE = YES;
				INFOPLIST_KEY_NSMicrophoneUsageDescription = "WhatsApp need you to access your microphone so you can send audio message";
				INFOPLIST_KEY_UIApplicationSceneManifest_Generation = YES;
				INFOPLIST_KEY_UIApplicationSupportsIndirectInputEvents = YES;
				INFOPLIST_KEY_UILaunchScreen_Generation = YES;
				INFOPLIST_KEY_UISupportedInterfaceOrientations_iPad = "UIInterfaceOrientationPortrait UIInterfaceOrientationPortraitUpsideDown UIInterfaceOrientationLandscapeLeft UIInterfaceOrientationLandscapeRight";
				INFOPLIST_KEY_UISupportedInterfaceOrientations_iPhone = "UIInterfaceOrientationPortrait UIInterfaceOrientationLandscapeLeft UIInterfaceOrientationLandscapeRight";
				LD_RUNPATH_SEARCH_PATHS = (
					"$(inherited)",
					"@executable_path/Frameworks",
				);
				MARKETING_VERSION = 1.0;
				PRODUCT_BUNDLE_IDENTIFIER = app.hardibsalih.WhatsAppSwiftUI;
				PRODUCT_NAME = "$(TARGET_NAME)";
				SWIFT_EMIT_LOC_STRINGS = YES;
				SWIFT_VERSION = 5.0;
				TARGETED_DEVICE_FAMILY = "1,2";
			};
			name = Debug;
		};
		D56356142BF4C72600F0FDE1 /* Release */ = {
			isa = XCBuildConfiguration;
			buildSettings = {
				ASSETCATALOG_COMPILER_APPICON_NAME = AppIcon;
				ASSETCATALOG_COMPILER_GLOBAL_ACCENT_COLOR_NAME = AccentColor;
				CODE_SIGN_STYLE = Automatic;
				CURRENT_PROJECT_VERSION = 1;
				DEVELOPMENT_ASSET_PATHS = "\"WhatsAppSwiftUI/Preview Content\"";
				ENABLE_PREVIEWS = YES;
				GENERATE_INFOPLIST_FILE = YES;
				INFOPLIST_KEY_NSMicrophoneUsageDescription = "WhatsApp need you to access your microphone so you can send audio message";
				INFOPLIST_KEY_UIApplicationSceneManifest_Generation = YES;
				INFOPLIST_KEY_UIApplicationSupportsIndirectInputEvents = YES;
				INFOPLIST_KEY_UILaunchScreen_Generation = YES;
				INFOPLIST_KEY_UISupportedInterfaceOrientations_iPad = "UIInterfaceOrientationPortrait UIInterfaceOrientationPortraitUpsideDown UIInterfaceOrientationLandscapeLeft UIInterfaceOrientationLandscapeRight";
				INFOPLIST_KEY_UISupportedInterfaceOrientations_iPhone = "UIInterfaceOrientationPortrait UIInterfaceOrientationLandscapeLeft UIInterfaceOrientationLandscapeRight";
				LD_RUNPATH_SEARCH_PATHS = (
					"$(inherited)",
					"@executable_path/Frameworks",
				);
				MARKETING_VERSION = 1.0;
				PRODUCT_BUNDLE_IDENTIFIER = app.hardibsalih.WhatsAppSwiftUI;
				PRODUCT_NAME = "$(TARGET_NAME)";
				SWIFT_EMIT_LOC_STRINGS = YES;
				SWIFT_VERSION = 5.0;
				TARGETED_DEVICE_FAMILY = "1,2";
			};
			name = Release;
		};
/* End XCBuildConfiguration section */

/* Begin XCConfigurationList section */
		D56355FF2BF4C70E00F0FDE1 /* Build configuration list for PBXProject "WhatsAppSwiftUI" */ = {
			isa = XCConfigurationList;
			buildConfigurations = (
				D56356102BF4C72600F0FDE1 /* Debug */,
				D56356112BF4C72600F0FDE1 /* Release */,
			);
			defaultConfigurationIsVisible = 0;
			defaultConfigurationName = Release;
		};
		D56356122BF4C72600F0FDE1 /* Build configuration list for PBXNativeTarget "WhatsAppSwiftUI" */ = {
			isa = XCConfigurationList;
			buildConfigurations = (
				D56356132BF4C72600F0FDE1 /* Debug */,
				D56356142BF4C72600F0FDE1 /* Release */,
			);
			defaultConfigurationIsVisible = 0;
			defaultConfigurationName = Release;
		};
/* End XCConfigurationList section */

/* Begin XCRemoteSwiftPackageReference section */
		D52E16752BF73D6D002466D8 /* XCRemoteSwiftPackageReference "firebase-ios-sdk" */ = {
			isa = XCRemoteSwiftPackageReference;
			repositoryURL = "https://github.com/firebase/firebase-ios-sdk";
			requirement = {
				kind = upToNextMajorVersion;
				minimumVersion = 10.26.0;
			};
		};
		D592DDA52BFA4229007464C8 /* XCRemoteSwiftPackageReference "Kingfisher" */ = {
			isa = XCRemoteSwiftPackageReference;
			repositoryURL = "https://github.com/onevcat/Kingfisher";
			requirement = {
				kind = upToNextMajorVersion;
				minimumVersion = 7.11.0;
			};
		};
/* End XCRemoteSwiftPackageReference section */

/* Begin XCSwiftPackageProductDependency section */
		D52E16762BF73D6D002466D8 /* FirebaseAuth */ = {
			isa = XCSwiftPackageProductDependency;
			package = D52E16752BF73D6D002466D8 /* XCRemoteSwiftPackageReference "firebase-ios-sdk" */;
			productName = FirebaseAuth;
		};
		D52E16782BF73D6D002466D8 /* FirebaseDatabase */ = {
			isa = XCSwiftPackageProductDependency;
			package = D52E16752BF73D6D002466D8 /* XCRemoteSwiftPackageReference "firebase-ios-sdk" */;
			productName = FirebaseDatabase;
		};
		D52E167A2BF73D6D002466D8 /* FirebaseDatabaseSwift */ = {
			isa = XCSwiftPackageProductDependency;
			package = D52E16752BF73D6D002466D8 /* XCRemoteSwiftPackageReference "firebase-ios-sdk" */;
			productName = FirebaseDatabaseSwift;
		};
		D52E167C2BF73D6D002466D8 /* FirebaseMessaging */ = {
			isa = XCSwiftPackageProductDependency;
			package = D52E16752BF73D6D002466D8 /* XCRemoteSwiftPackageReference "firebase-ios-sdk" */;
			productName = FirebaseMessaging;
		};
		D52E167E2BF73D6D002466D8 /* FirebaseStorage */ = {
			isa = XCSwiftPackageProductDependency;
			package = D52E16752BF73D6D002466D8 /* XCRemoteSwiftPackageReference "firebase-ios-sdk" */;
			productName = FirebaseStorage;
		};
		D592DDA62BFA4229007464C8 /* Kingfisher */ = {
			isa = XCSwiftPackageProductDependency;
			package = D592DDA52BFA4229007464C8 /* XCRemoteSwiftPackageReference "Kingfisher" */;
			productName = Kingfisher;
		};
/* End XCSwiftPackageProductDependency section */
	};
	rootObject = D56355FC2BF4C70E00F0FDE1 /* Project object */;
}
